// !$*UTF8*$!
{
	archiveVersion = 1;
	classes = {
	};
	objectVersion = 51;
	objects = {

/* Begin PBXBuildFile section */
		6914C9F52632C8D600C8D4D9 /* AppDelegate.swift in Sources */ = {isa = PBXBuildFile; fileRef = 6914C9F42632C8D600C8D4D9 /* AppDelegate.swift */; };
		6914C9F72632C8D600C8D4D9 /* SceneDelegate.swift in Sources */ = {isa = PBXBuildFile; fileRef = 6914C9F62632C8D600C8D4D9 /* SceneDelegate.swift */; };
		6914C9FC2632C8D600C8D4D9 /* Main.storyboard in Resources */ = {isa = PBXBuildFile; fileRef = 6914C9FA2632C8D600C8D4D9 /* Main.storyboard */; };
		6914C9FE2632C8D800C8D4D9 /* Assets.xcassets in Resources */ = {isa = PBXBuildFile; fileRef = 6914C9FD2632C8D800C8D4D9 /* Assets.xcassets */; };
		6914CA012632C8D800C8D4D9 /* LaunchScreen.storyboard in Resources */ = {isa = PBXBuildFile; fileRef = 6914C9FF2632C8D800C8D4D9 /* LaunchScreen.storyboard */; };
		6914CA162632E76300C8D4D9 /* NotesVC.swift in Sources */ = {isa = PBXBuildFile; fileRef = 6914CA152632E76300C8D4D9 /* NotesVC.swift */; };
		6914CA1B2632E7BE00C8D4D9 /* UI_extension.swift in Sources */ = {isa = PBXBuildFile; fileRef = 6914CA1A2632E7BE00C8D4D9 /* UI_extension.swift */; };
		6914CA202632E8A800C8D4D9 /* NoteTableCell.swift in Sources */ = {isa = PBXBuildFile; fileRef = 6914CA1E2632E8A800C8D4D9 /* NoteTableCell.swift */; };
		6914CA212632E8A800C8D4D9 /* NoteTableCell.xib in Resources */ = {isa = PBXBuildFile; fileRef = 6914CA1F2632E8A800C8D4D9 /* NoteTableCell.xib */; };
		E28E413B5FE21482E916DF71 /* Pods_SmartNotepad.framework in Frameworks */ = {isa = PBXBuildFile; fileRef = 2AA10DB523A54EB3445232DA /* Pods_SmartNotepad.framework */; };
/* End PBXBuildFile section */

/* Begin PBXFileReference section */
		1AC1E90EB166201E23107F37 /* Pods-SmartNotepad.debug.xcconfig */ = {isa = PBXFileReference; includeInIndex = 1; lastKnownFileType = text.xcconfig; name = "Pods-SmartNotepad.debug.xcconfig"; path = "Target Support Files/Pods-SmartNotepad/Pods-SmartNotepad.debug.xcconfig"; sourceTree = "<group>"; };
		2AA10DB523A54EB3445232DA /* Pods_SmartNotepad.framework */ = {isa = PBXFileReference; explicitFileType = wrapper.framework; includeInIndex = 0; path = Pods_SmartNotepad.framework; sourceTree = BUILT_PRODUCTS_DIR; };
		6914C9F12632C8D600C8D4D9 /* SmartNotepad.app */ = {isa = PBXFileReference; explicitFileType = wrapper.application; includeInIndex = 0; path = SmartNotepad.app; sourceTree = BUILT_PRODUCTS_DIR; };
		6914C9F42632C8D600C8D4D9 /* AppDelegate.swift */ = {isa = PBXFileReference; lastKnownFileType = sourcecode.swift; path = AppDelegate.swift; sourceTree = "<group>"; };
		6914C9F62632C8D600C8D4D9 /* SceneDelegate.swift */ = {isa = PBXFileReference; lastKnownFileType = sourcecode.swift; path = SceneDelegate.swift; sourceTree = "<group>"; };
		6914C9FB2632C8D600C8D4D9 /* Base */ = {isa = PBXFileReference; lastKnownFileType = file.storyboard; name = Base; path = Base.lproj/Main.storyboard; sourceTree = "<group>"; };
		6914C9FD2632C8D800C8D4D9 /* Assets.xcassets */ = {isa = PBXFileReference; lastKnownFileType = folder.assetcatalog; path = Assets.xcassets; sourceTree = "<group>"; };
		6914CA002632C8D800C8D4D9 /* Base */ = {isa = PBXFileReference; lastKnownFileType = file.storyboard; name = Base; path = Base.lproj/LaunchScreen.storyboard; sourceTree = "<group>"; };
		6914CA022632C8D800C8D4D9 /* Info.plist */ = {isa = PBXFileReference; lastKnownFileType = text.plist.xml; path = Info.plist; sourceTree = "<group>"; };
		6914CA152632E76300C8D4D9 /* NotesVC.swift */ = {isa = PBXFileReference; lastKnownFileType = sourcecode.swift; path = NotesVC.swift; sourceTree = "<group>"; };
		6914CA1A2632E7BE00C8D4D9 /* UI_extension.swift */ = {isa = PBXFileReference; fileEncoding = 4; lastKnownFileType = sourcecode.swift; path = UI_extension.swift; sourceTree = "<group>"; };
		6914CA1E2632E8A800C8D4D9 /* NoteTableCell.swift */ = {isa = PBXFileReference; lastKnownFileType = sourcecode.swift; path = NoteTableCell.swift; sourceTree = "<group>"; };
		6914CA1F2632E8A800C8D4D9 /* NoteTableCell.xib */ = {isa = PBXFileReference; lastKnownFileType = file.xib; path = NoteTableCell.xib; sourceTree = "<group>"; };
		7275F2D15CE2181C3FDFECEB /* Pods-SmartNotepad.release.xcconfig */ = {isa = PBXFileReference; includeInIndex = 1; lastKnownFileType = text.xcconfig; name = "Pods-SmartNotepad.release.xcconfig"; path = "Target Support Files/Pods-SmartNotepad/Pods-SmartNotepad.release.xcconfig"; sourceTree = "<group>"; };
/* End PBXFileReference section */

/* Begin PBXFrameworksBuildPhase section */
		6914C9EE2632C8D600C8D4D9 /* Frameworks */ = {
			isa = PBXFrameworksBuildPhase;
			buildActionMask = 2147483647;
			files = (
				E28E413B5FE21482E916DF71 /* Pods_SmartNotepad.framework in Frameworks */,
			);
			runOnlyForDeploymentPostprocessing = 0;
		};
/* End PBXFrameworksBuildPhase section */

/* Begin PBXGroup section */
		57BEA4BDAE41A4FE3C2BE66C /* Pods */ = {
			isa = PBXGroup;
			children = (
				1AC1E90EB166201E23107F37 /* Pods-SmartNotepad.debug.xcconfig */,
				7275F2D15CE2181C3FDFECEB /* Pods-SmartNotepad.release.xcconfig */,
			);
			path = Pods;
			sourceTree = "<group>";
		};
		6914C9E82632C8D600C8D4D9 = {
			isa = PBXGroup;
			children = (
				6914C9F32632C8D600C8D4D9 /* SmartNotepad */,
				6914C9F22632C8D600C8D4D9 /* Products */,
				57BEA4BDAE41A4FE3C2BE66C /* Pods */,
				E41DA09FE9258CD9BAF0D9B5 /* Frameworks */,
			);
			sourceTree = "<group>";
		};
		6914C9F22632C8D600C8D4D9 /* Products */ = {
			isa = PBXGroup;
			children = (
				6914C9F12632C8D600C8D4D9 /* SmartNotepad.app */,
			);
			name = Products;
			sourceTree = "<group>";
		};
		6914C9F32632C8D600C8D4D9 /* SmartNotepad */ = {
			isa = PBXGroup;
			children = (
				6914C9F42632C8D600C8D4D9 /* AppDelegate.swift */,
				6914C9F62632C8D600C8D4D9 /* SceneDelegate.swift */,
				6914CA0E2632E5D400C8D4D9 /* Models */,
				6914CA0F2632E5DE00C8D4D9 /* Views */,
				6914CA102632E5E300C8D4D9 /* Controllers */,
				6914CA112632E67C00C8D4D9 /* Resources */,
				6914CA122632E6C700C8D4D9 /* Supporting Files */,
				6914CA192632E78900C8D4D9 /* Extensions */,
			);
			path = SmartNotepad;
			sourceTree = "<group>";
		};
		6914CA0E2632E5D400C8D4D9 /* Models */ = {
			isa = PBXGroup;
			children = (
			);
			path = Models;
			sourceTree = "<group>";
		};
		6914CA0F2632E5DE00C8D4D9 /* Views */ = {
			isa = PBXGroup;
			children = (
				6914CA1D2632E88B00C8D4D9 /* NoteTableCell */,
			);
			path = Views;
			sourceTree = "<group>";
		};
		6914CA102632E5E300C8D4D9 /* Controllers */ = {
			isa = PBXGroup;
			children = (
				6914CA152632E76300C8D4D9 /* NotesVC.swift */,
			);
			path = Controllers;
			sourceTree = "<group>";
		};
		6914CA112632E67C00C8D4D9 /* Resources */ = {
			isa = PBXGroup;
			children = (
				6914C9FD2632C8D800C8D4D9 /* Assets.xcassets */,
				6914C9FA2632C8D600C8D4D9 /* Main.storyboard */,
				6914C9FF2632C8D800C8D4D9 /* LaunchScreen.storyboard */,
			);
			path = Resources;
			sourceTree = "<group>";
		};
		6914CA122632E6C700C8D4D9 /* Supporting Files */ = {
			isa = PBXGroup;
			children = (
				6914CA022632C8D800C8D4D9 /* Info.plist */,
			);
			path = "Supporting Files";
			sourceTree = "<group>";
		};
		6914CA192632E78900C8D4D9 /* Extensions */ = {
			isa = PBXGroup;
			children = (
				6914CA1A2632E7BE00C8D4D9 /* UI_extension.swift */,
			);
			path = Extensions;
			sourceTree = "<group>";
		};
		6914CA1D2632E88B00C8D4D9 /* NoteTableCell */ = {
			isa = PBXGroup;
			children = (
				6914CA1E2632E8A800C8D4D9 /* NoteTableCell.swift */,
				6914CA1F2632E8A800C8D4D9 /* NoteTableCell.xib */,
			);
			path = NoteTableCell;
			sourceTree = "<group>";
		};
		E41DA09FE9258CD9BAF0D9B5 /* Frameworks */ = {
			isa = PBXGroup;
			children = (
				2AA10DB523A54EB3445232DA /* Pods_SmartNotepad.framework */,
			);
			name = Frameworks;
			sourceTree = "<group>";
		};
/* End PBXGroup section */

/* Begin PBXNativeTarget section */
		6914C9F02632C8D600C8D4D9 /* SmartNotepad */ = {
			isa = PBXNativeTarget;
			buildConfigurationList = 6914CA052632C8D800C8D4D9 /* Build configuration list for PBXNativeTarget "SmartNotepad" */;
			buildPhases = (
				25EE881FA6D505230D4B6A6D /* [CP] Check Pods Manifest.lock */,
				6914C9ED2632C8D600C8D4D9 /* Sources */,
				6914C9EE2632C8D600C8D4D9 /* Frameworks */,
				6914C9EF2632C8D600C8D4D9 /* Resources */,
				8DC3597537C1EEF402ECB5D1 /* [CP] Embed Pods Frameworks */,
			);
			buildRules = (
			);
			dependencies = (
			);
			name = SmartNotepad;
			productName = SmartNotepad;
			productReference = 6914C9F12632C8D600C8D4D9 /* SmartNotepad.app */;
			productType = "com.apple.product-type.application";
		};
/* End PBXNativeTarget section */

/* Begin PBXProject section */
		6914C9E92632C8D600C8D4D9 /* Project object */ = {
			isa = PBXProject;
			attributes = {
				LastSwiftUpdateCheck = 1240;
				LastUpgradeCheck = 1240;
				TargetAttributes = {
					6914C9F02632C8D600C8D4D9 = {
						CreatedOnToolsVersion = 12.4;
					};
				};
			};
			buildConfigurationList = 6914C9EC2632C8D600C8D4D9 /* Build configuration list for PBXProject "SmartNotepad" */;
			compatibilityVersion = "Xcode 9.3";
			developmentRegion = en;
			hasScannedForEncodings = 0;
			knownRegions = (
				en,
				Base,
			);
			mainGroup = 6914C9E82632C8D600C8D4D9;
			productRefGroup = 6914C9F22632C8D600C8D4D9 /* Products */;
			projectDirPath = "";
			projectRoot = "";
			targets = (
				6914C9F02632C8D600C8D4D9 /* SmartNotepad */,
			);
		};
/* End PBXProject section */

/* Begin PBXResourcesBuildPhase section */
		6914C9EF2632C8D600C8D4D9 /* Resources */ = {
			isa = PBXResourcesBuildPhase;
			buildActionMask = 2147483647;
			files = (
				6914CA212632E8A800C8D4D9 /* NoteTableCell.xib in Resources */,
				6914CA012632C8D800C8D4D9 /* LaunchScreen.storyboard in Resources */,
				6914C9FE2632C8D800C8D4D9 /* Assets.xcassets in Resources */,
				6914C9FC2632C8D600C8D4D9 /* Main.storyboard in Resources */,
			);
			runOnlyForDeploymentPostprocessing = 0;
		};
/* End PBXResourcesBuildPhase section */

/* Begin PBXShellScriptBuildPhase section */
		25EE881FA6D505230D4B6A6D /* [CP] Check Pods Manifest.lock */ = {
			isa = PBXShellScriptBuildPhase;
			buildActionMask = 2147483647;
			files = (
			);
			inputFileListPaths = (
			);
			inputPaths = (
				"${PODS_PODFILE_DIR_PATH}/Podfile.lock",
				"${PODS_ROOT}/Manifest.lock",
			);
			name = "[CP] Check Pods Manifest.lock";
			outputFileListPaths = (
			);
			outputPaths = (
				"$(DERIVED_FILE_DIR)/Pods-SmartNotepad-checkManifestLockResult.txt",
			);
			runOnlyForDeploymentPostprocessing = 0;
			shellPath = /bin/sh;
			shellScript = "diff \"${PODS_PODFILE_DIR_PATH}/Podfile.lock\" \"${PODS_ROOT}/Manifest.lock\" > /dev/null\nif [ $? != 0 ] ; then\n    # print error to STDERR\n    echo \"error: The sandbox is not in sync with the Podfile.lock. Run 'pod install' or update your CocoaPods installation.\" >&2\n    exit 1\nfi\n# This output is used by Xcode 'outputs' to avoid re-running this script phase.\necho \"SUCCESS\" > \"${SCRIPT_OUTPUT_FILE_0}\"\n";
			showEnvVarsInLog = 0;
		};
		8DC3597537C1EEF402ECB5D1 /* [CP] Embed Pods Frameworks */ = {
			isa = PBXShellScriptBuildPhase;
			buildActionMask = 2147483647;
			files = (
			);
			inputFileListPaths = (
				"${PODS_ROOT}/Target Support Files/Pods-SmartNotepad/Pods-SmartNotepad-frameworks-${CONFIGURATION}-input-files.xcfilelist",
			);
			name = "[CP] Embed Pods Frameworks";
			outputFileListPaths = (
				"${PODS_ROOT}/Target Support Files/Pods-SmartNotepad/Pods-SmartNotepad-frameworks-${CONFIGURATION}-output-files.xcfilelist",
			);
			runOnlyForDeploymentPostprocessing = 0;
			shellPath = /bin/sh;
			shellScript = "\"${PODS_ROOT}/Target Support Files/Pods-SmartNotepad/Pods-SmartNotepad-frameworks.sh\"\n";
			showEnvVarsInLog = 0;
		};
/* End PBXShellScriptBuildPhase section */

/* Begin PBXSourcesBuildPhase section */
		6914C9ED2632C8D600C8D4D9 /* Sources */ = {
			isa = PBXSourcesBuildPhase;
			buildActionMask = 2147483647;
			files = (
				6914C9F52632C8D600C8D4D9 /* AppDelegate.swift in Sources */,
				6914CA202632E8A800C8D4D9 /* NoteTableCell.swift in Sources */,
				6914CA162632E76300C8D4D9 /* NotesVC.swift in Sources */,
				6914C9F72632C8D600C8D4D9 /* SceneDelegate.swift in Sources */,
				6914CA1B2632E7BE00C8D4D9 /* UI_extension.swift in Sources */,
			);
			runOnlyForDeploymentPostprocessing = 0;
		};
/* End PBXSourcesBuildPhase section */

/* Begin PBXVariantGroup section */
		6914C9FA2632C8D600C8D4D9 /* Main.storyboard */ = {
			isa = PBXVariantGroup;
			children = (
				6914C9FB2632C8D600C8D4D9 /* Base */,
			);
			name = Main.storyboard;
			sourceTree = "<group>";
		};
		6914C9FF2632C8D800C8D4D9 /* LaunchScreen.storyboard */ = {
			isa = PBXVariantGroup;
			children = (
				6914CA002632C8D800C8D4D9 /* Base */,
			);
			name = LaunchScreen.storyboard;
			sourceTree = "<group>";
		};
/* End PBXVariantGroup section */

/* Begin XCBuildConfiguration section */
		6914CA032632C8D800C8D4D9 /* Debug */ = {
			isa = XCBuildConfiguration;
			buildSettings = {
				ALWAYS_SEARCH_USER_PATHS = NO;
				CLANG_ANALYZER_NONNULL = YES;
				CLANG_ANALYZER_NUMBER_OBJECT_CONVERSION = YES_AGGRESSIVE;
				CLANG_CXX_LANGUAGE_STANDARD = "gnu++14";
				CLANG_CXX_LIBRARY = "libc++";
				CLANG_ENABLE_MODULES = YES;
				CLANG_ENABLE_OBJC_ARC = YES;
				CLANG_ENABLE_OBJC_WEAK = YES;
				CLANG_WARN_BLOCK_CAPTURE_AUTORELEASING = YES;
				CLANG_WARN_BOOL_CONVERSION = YES;
				CLANG_WARN_COMMA = YES;
				CLANG_WARN_CONSTANT_CONVERSION = YES;
				CLANG_WARN_DEPRECATED_OBJC_IMPLEMENTATIONS = YES;
				CLANG_WARN_DIRECT_OBJC_ISA_USAGE = YES_ERROR;
				CLANG_WARN_DOCUMENTATION_COMMENTS = YES;
				CLANG_WARN_EMPTY_BODY = YES;
				CLANG_WARN_ENUM_CONVERSION = YES;
				CLANG_WARN_INFINITE_RECURSION = YES;
				CLANG_WARN_INT_CONVERSION = YES;
				CLANG_WARN_NON_LITERAL_NULL_CONVERSION = YES;
				CLANG_WARN_OBJC_IMPLICIT_RETAIN_SELF = YES;
				CLANG_WARN_OBJC_LITERAL_CONVERSION = YES;
				CLANG_WARN_OBJC_ROOT_CLASS = YES_ERROR;
				CLANG_WARN_QUOTED_INCLUDE_IN_FRAMEWORK_HEADER = YES;
				CLANG_WARN_RANGE_LOOP_ANALYSIS = YES;
				CLANG_WARN_STRICT_PROTOTYPES = YES;
				CLANG_WARN_SUSPICIOUS_MOVE = YES;
				CLANG_WARN_UNGUARDED_AVAILABILITY = YES_AGGRESSIVE;
				CLANG_WARN_UNREACHABLE_CODE = YES;
				CLANG_WARN__DUPLICATE_METHOD_MATCH = YES;
				COPY_PHASE_STRIP = NO;
				DEBUG_INFORMATION_FORMAT = dwarf;
				ENABLE_STRICT_OBJC_MSGSEND = YES;
				ENABLE_TESTABILITY = YES;
				GCC_C_LANGUAGE_STANDARD = gnu11;
				GCC_DYNAMIC_NO_PIC = NO;
				GCC_NO_COMMON_BLOCKS = YES;
				GCC_OPTIMIZATION_LEVEL = 0;
				GCC_PREPROCESSOR_DEFINITIONS = (
					"DEBUG=1",
					"$(inherited)",
				);
				GCC_WARN_64_TO_32_BIT_CONVERSION = YES;
				GCC_WARN_ABOUT_RETURN_TYPE = YES_ERROR;
				GCC_WARN_UNDECLARED_SELECTOR = YES;
				GCC_WARN_UNINITIALIZED_AUTOS = YES_AGGRESSIVE;
				GCC_WARN_UNUSED_FUNCTION = YES;
				GCC_WARN_UNUSED_VARIABLE = YES;
				IPHONEOS_DEPLOYMENT_TARGET = 14.4;
				MTL_ENABLE_DEBUG_INFO = INCLUDE_SOURCE;
				MTL_FAST_MATH = YES;
				ONLY_ACTIVE_ARCH = YES;
				SDKROOT = iphoneos;
				SWIFT_ACTIVE_COMPILATION_CONDITIONS = DEBUG;
				SWIFT_OPTIMIZATION_LEVEL = "-Onone";
			};
			name = Debug;
		};
		6914CA042632C8D800C8D4D9 /* Release */ = {
			isa = XCBuildConfiguration;
			buildSettings = {
				ALWAYS_SEARCH_USER_PATHS = NO;
				CLANG_ANALYZER_NONNULL = YES;
				CLANG_ANALYZER_NUMBER_OBJECT_CONVERSION = YES_AGGRESSIVE;
				CLANG_CXX_LANGUAGE_STANDARD = "gnu++14";
				CLANG_CXX_LIBRARY = "libc++";
				CLANG_ENABLE_MODULES = YES;
				CLANG_ENABLE_OBJC_ARC = YES;
				CLANG_ENABLE_OBJC_WEAK = YES;
				CLANG_WARN_BLOCK_CAPTURE_AUTORELEASING = YES;
				CLANG_WARN_BOOL_CONVERSION = YES;
				CLANG_WARN_COMMA = YES;
				CLANG_WARN_CONSTANT_CONVERSION = YES;
				CLANG_WARN_DEPRECATED_OBJC_IMPLEMENTATIONS = YES;
				CLANG_WARN_DIRECT_OBJC_ISA_USAGE = YES_ERROR;
				CLANG_WARN_DOCUMENTATION_COMMENTS = YES;
				CLANG_WARN_EMPTY_BODY = YES;
				CLANG_WARN_ENUM_CONVERSION = YES;
				CLANG_WARN_INFINITE_RECURSION = YES;
				CLANG_WARN_INT_CONVERSION = YES;
				CLANG_WARN_NON_LITERAL_NULL_CONVERSION = YES;
				CLANG_WARN_OBJC_IMPLICIT_RETAIN_SELF = YES;
				CLANG_WARN_OBJC_LITERAL_CONVERSION = YES;
				CLANG_WARN_OBJC_ROOT_CLASS = YES_ERROR;
				CLANG_WARN_QUOTED_INCLUDE_IN_FRAMEWORK_HEADER = YES;
				CLANG_WARN_RANGE_LOOP_ANALYSIS = YES;
				CLANG_WARN_STRICT_PROTOTYPES = YES;
				CLANG_WARN_SUSPICIOUS_MOVE = YES;
				CLANG_WARN_UNGUARDED_AVAILABILITY = YES_AGGRESSIVE;
				CLANG_WARN_UNREACHABLE_CODE = YES;
				CLANG_WARN__DUPLICATE_METHOD_MATCH = YES;
				COPY_PHASE_STRIP = NO;
				DEBUG_INFORMATION_FORMAT = "dwarf-with-dsym";
				ENABLE_NS_ASSERTIONS = NO;
				ENABLE_STRICT_OBJC_MSGSEND = YES;
				GCC_C_LANGUAGE_STANDARD = gnu11;
				GCC_NO_COMMON_BLOCKS = YES;
				GCC_WARN_64_TO_32_BIT_CONVERSION = YES;
				GCC_WARN_ABOUT_RETURN_TYPE = YES_ERROR;
				GCC_WARN_UNDECLARED_SELECTOR = YES;
				GCC_WARN_UNINITIALIZED_AUTOS = YES_AGGRESSIVE;
				GCC_WARN_UNUSED_FUNCTION = YES;
				GCC_WARN_UNUSED_VARIABLE = YES;
				IPHONEOS_DEPLOYMENT_TARGET = 14.4;
				MTL_ENABLE_DEBUG_INFO = NO;
				MTL_FAST_MATH = YES;
				SDKROOT = iphoneos;
				SWIFT_COMPILATION_MODE = wholemodule;
				SWIFT_OPTIMIZATION_LEVEL = "-O";
				VALIDATE_PRODUCT = YES;
			};
			name = Release;
		};
		6914CA062632C8D800C8D4D9 /* Debug */ = {
			isa = XCBuildConfiguration;
			baseConfigurationReference = 1AC1E90EB166201E23107F37 /* Pods-SmartNotepad.debug.xcconfig */;
			buildSettings = {
				ASSETCATALOG_COMPILER_APPICON_NAME = AppIcon;
				ASSETCATALOG_COMPILER_GLOBAL_ACCENT_COLOR_NAME = AccentColor;
				CODE_SIGN_STYLE = Automatic;
				DEVELOPMENT_TEAM = ME3XUBDVMA;
				INFOPLIST_FILE = SmartNotepad/Info.plist;
				LD_RUNPATH_SEARCH_PATHS = (
					"$(inherited)",
					"@executable_path/Frameworks",
				);
				PRODUCT_BUNDLE_IDENTIFIER = IslamElgaafary.SmartNotepad;
				PRODUCT_NAME = "$(TARGET_NAME)";
				SWIFT_VERSION = 5.0;
				TARGETED_DEVICE_FAMILY = "1,2";
			};
			name = Debug;
		};
		6914CA072632C8D800C8D4D9 /* Release */ = {
			isa = XCBuildConfiguration;
			baseConfigurationReference = 7275F2D15CE2181C3FDFECEB /* Pods-SmartNotepad.release.xcconfig */;
			buildSettings = {
				ASSETCATALOG_COMPILER_APPICON_NAME = AppIcon;
				ASSETCATALOG_COMPILER_GLOBAL_ACCENT_COLOR_NAME = AccentColor;
				CODE_SIGN_STYLE = Automatic;
				DEVELOPMENT_TEAM = ME3XUBDVMA;
				INFOPLIST_FILE = SmartNotepad/Info.plist;
				LD_RUNPATH_SEARCH_PATHS = (
					"$(inherited)",
					"@executable_path/Frameworks",
				);
				PRODUCT_BUNDLE_IDENTIFIER = IslamElgaafary.SmartNotepad;
				PRODUCT_NAME = "$(TARGET_NAME)";
				SWIFT_VERSION = 5.0;
				TARGETED_DEVICE_FAMILY = "1,2";
			};
			name = Release;
		};
/* End XCBuildConfiguration section */

/* Begin XCConfigurationList section */
		6914C9EC2632C8D600C8D4D9 /* Build configuration list for PBXProject "SmartNotepad" */ = {
			isa = XCConfigurationList;
			buildConfigurations = (
				6914CA032632C8D800C8D4D9 /* Debug */,
				6914CA042632C8D800C8D4D9 /* Release */,
			);
			defaultConfigurationIsVisible = 0;
			defaultConfigurationName = Release;
		};
		6914CA052632C8D800C8D4D9 /* Build configuration list for PBXNativeTarget "SmartNotepad" */ = {
			isa = XCConfigurationList;
			buildConfigurations = (
				6914CA062632C8D800C8D4D9 /* Debug */,
				6914CA072632C8D800C8D4D9 /* Release */,
			);
			defaultConfigurationIsVisible = 0;
			defaultConfigurationName = Release;
		};
/* End XCConfigurationList section */
	};
	rootObject = 6914C9E92632C8D600C8D4D9 /* Project object */;
}
